// !$*UTF8*$!
{
	archiveVersion = 1;
	classes = {
	};
	objectVersion = 56;
	objects = {

/* Begin PBXBuildFile section */
		89860FD72C84A3A60092D8BF /* RssPreviewerApp.swift in Sources */ = {isa = PBXBuildFile; fileRef = 89860FD62C84A3A60092D8BF /* RssPreviewerApp.swift */; };
		89860FD92C84A3A60092D8BF /* ContentView.swift in Sources */ = {isa = PBXBuildFile; fileRef = 89860FD82C84A3A60092D8BF /* ContentView.swift */; };
		89860FDB2C84A3A70092D8BF /* Assets.xcassets in Resources */ = {isa = PBXBuildFile; fileRef = 89860FDA2C84A3A70092D8BF /* Assets.xcassets */; };
		89860FDE2C84A3A70092D8BF /* Preview Assets.xcassets in Resources */ = {isa = PBXBuildFile; fileRef = 89860FDD2C84A3A70092D8BF /* Preview Assets.xcassets */; };
		89860FE92C84A3A70092D8BF /* RssPreviewerTests.swift in Sources */ = {isa = PBXBuildFile; fileRef = 89860FE82C84A3A70092D8BF /* RssPreviewerTests.swift */; };
		89860FF32C84A3A70092D8BF /* RssPreviewerUITests.swift in Sources */ = {isa = PBXBuildFile; fileRef = 89860FF22C84A3A70092D8BF /* RssPreviewerUITests.swift */; };
		89860FF52C84A3A70092D8BF /* RssPreviewerUITestsLaunchTests.swift in Sources */ = {isa = PBXBuildFile; fileRef = 89860FF42C84A3A70092D8BF /* RssPreviewerUITestsLaunchTests.swift */; };
		898610022C84A3ED0092D8BF /* RssItem.swift in Sources */ = {isa = PBXBuildFile; fileRef = 898610012C84A3ED0092D8BF /* RssItem.swift */; };
		898610042C84A3F70092D8BF /* RssListView.swift in Sources */ = {isa = PBXBuildFile; fileRef = 898610032C84A3F70092D8BF /* RssListView.swift */; };
		898610062C84A4010092D8BF /* RssParseDelegate.swift in Sources */ = {isa = PBXBuildFile; fileRef = 898610052C84A4010092D8BF /* RssParseDelegate.swift */; };
		898610082C84A4110092D8BF /* RssViewModel.swift in Sources */ = {isa = PBXBuildFile; fileRef = 898610072C84A4110092D8BF /* RssViewModel.swift */; };
/* End PBXBuildFile section */

/* Begin PBXContainerItemProxy section */
		89860FE52C84A3A70092D8BF /* PBXContainerItemProxy */ = {
			isa = PBXContainerItemProxy;
			containerPortal = 89860FCB2C84A3A60092D8BF /* Project object */;
			proxyType = 1;
			remoteGlobalIDString = 89860FD22C84A3A60092D8BF;
			remoteInfo = RssPreviewer;
		};
		89860FEF2C84A3A70092D8BF /* PBXContainerItemProxy */ = {
			isa = PBXContainerItemProxy;
			containerPortal = 89860FCB2C84A3A60092D8BF /* Project object */;
			proxyType = 1;
			remoteGlobalIDString = 89860FD22C84A3A60092D8BF;
			remoteInfo = RssPreviewer;
		};
/* End PBXContainerItemProxy section */

/* Begin PBXFileReference section */
		89860FD32C84A3A60092D8BF /* RssPreviewer.app */ = {isa = PBXFileReference; explicitFileType = wrapper.application; includeInIndex = 0; path = RssPreviewer.app; sourceTree = BUILT_PRODUCTS_DIR; };
		89860FD62C84A3A60092D8BF /* RssPreviewerApp.swift */ = {isa = PBXFileReference; lastKnownFileType = sourcecode.swift; path = RssPreviewerApp.swift; sourceTree = "<group>"; };
		89860FD82C84A3A60092D8BF /* ContentView.swift */ = {isa = PBXFileReference; lastKnownFileType = sourcecode.swift; path = ContentView.swift; sourceTree = "<group>"; };
		89860FDA2C84A3A70092D8BF /* Assets.xcassets */ = {isa = PBXFileReference; lastKnownFileType = folder.assetcatalog; path = Assets.xcassets; sourceTree = "<group>"; };
		89860FDD2C84A3A70092D8BF /* Preview Assets.xcassets */ = {isa = PBXFileReference; lastKnownFileType = folder.assetcatalog; path = "Preview Assets.xcassets"; sourceTree = "<group>"; };
		89860FDF2C84A3A70092D8BF /* RssPreviewer.entitlements */ = {isa = PBXFileReference; lastKnownFileType = text.plist.entitlements; path = RssPreviewer.entitlements; sourceTree = "<group>"; };
		89860FE42C84A3A70092D8BF /* RssPreviewerTests.xctest */ = {isa = PBXFileReference; explicitFileType = wrapper.cfbundle; includeInIndex = 0; path = RssPreviewerTests.xctest; sourceTree = BUILT_PRODUCTS_DIR; };
		89860FE82C84A3A70092D8BF /* RssPreviewerTests.swift */ = {isa = PBXFileReference; lastKnownFileType = sourcecode.swift; path = RssPreviewerTests.swift; sourceTree = "<group>"; };
		89860FEE2C84A3A70092D8BF /* RssPreviewerUITests.xctest */ = {isa = PBXFileReference; explicitFileType = wrapper.cfbundle; includeInIndex = 0; path = RssPreviewerUITests.xctest; sourceTree = BUILT_PRODUCTS_DIR; };
		89860FF22C84A3A70092D8BF /* RssPreviewerUITests.swift */ = {isa = PBXFileReference; lastKnownFileType = sourcecode.swift; path = RssPreviewerUITests.swift; sourceTree = "<group>"; };
		89860FF42C84A3A70092D8BF /* RssPreviewerUITestsLaunchTests.swift */ = {isa = PBXFileReference; lastKnownFileType = sourcecode.swift; path = RssPreviewerUITestsLaunchTests.swift; sourceTree = "<group>"; };
		898610012C84A3ED0092D8BF /* RssItem.swift */ = {isa = PBXFileReference; lastKnownFileType = sourcecode.swift; path = RssItem.swift; sourceTree = "<group>"; };
		898610032C84A3F70092D8BF /* RssListView.swift */ = {isa = PBXFileReference; lastKnownFileType = sourcecode.swift; path = RssListView.swift; sourceTree = "<group>"; };
		898610052C84A4010092D8BF /* RssParseDelegate.swift */ = {isa = PBXFileReference; lastKnownFileType = sourcecode.swift; path = RssParseDelegate.swift; sourceTree = "<group>"; };
		898610072C84A4110092D8BF /* RssViewModel.swift */ = {isa = PBXFileReference; lastKnownFileType = sourcecode.swift; path = RssViewModel.swift; sourceTree = "<group>"; };
/* End PBXFileReference section */

/* Begin PBXFrameworksBuildPhase section */
		89860FD02C84A3A60092D8BF /* Frameworks */ = {
			isa = PBXFrameworksBuildPhase;
			buildActionMask = 2147483647;
			files = (
			);
			runOnlyForDeploymentPostprocessing = 0;
		};
		89860FE12C84A3A70092D8BF /* Frameworks */ = {
			isa = PBXFrameworksBuildPhase;
			buildActionMask = 2147483647;
			files = (
			);
			runOnlyForDeploymentPostprocessing = 0;
		};
		89860FEB2C84A3A70092D8BF /* Frameworks */ = {
			isa = PBXFrameworksBuildPhase;
			buildActionMask = 2147483647;
			files = (
			);
			runOnlyForDeploymentPostprocessing = 0;
		};
/* End PBXFrameworksBuildPhase section */

/* Begin PBXGroup section */
		89860FCA2C84A3A60092D8BF = {
			isa = PBXGroup;
			children = (
				89860FD52C84A3A60092D8BF /* RssPreviewer */,
				89860FE72C84A3A70092D8BF /* RssPreviewerTests */,
				89860FF12C84A3A70092D8BF /* RssPreviewerUITests */,
				89860FD42C84A3A60092D8BF /* Products */,
			);
			sourceTree = "<group>";
		};
		89860FD42C84A3A60092D8BF /* Products */ = {
			isa = PBXGroup;
			children = (
				89860FD32C84A3A60092D8BF /* RssPreviewer.app */,
				89860FE42C84A3A70092D8BF /* RssPreviewerTests.xctest */,
				89860FEE2C84A3A70092D8BF /* RssPreviewerUITests.xctest */,
			);
			name = Products;
			sourceTree = "<group>";
		};
		89860FD52C84A3A60092D8BF /* RssPreviewer */ = {
			isa = PBXGroup;
			children = (
				89860FD62C84A3A60092D8BF /* RssPreviewerApp.swift */,
				89860FD82C84A3A60092D8BF /* ContentView.swift */,
				89860FDA2C84A3A70092D8BF /* Assets.xcassets */,
				89860FDF2C84A3A70092D8BF /* RssPreviewer.entitlements */,
				89860FDC2C84A3A70092D8BF /* Preview Content */,
				898610012C84A3ED0092D8BF /* RssItem.swift */,
				898610032C84A3F70092D8BF /* RssListView.swift */,
				898610052C84A4010092D8BF /* RssParseDelegate.swift */,
				898610072C84A4110092D8BF /* RssViewModel.swift */,
			);
			path = RssPreviewer;
			sourceTree = "<group>";
		};
		89860FDC2C84A3A70092D8BF /* Preview Content */ = {
			isa = PBXGroup;
			children = (
				89860FDD2C84A3A70092D8BF /* Preview Assets.xcassets */,
			);
			path = "Preview Content";
			sourceTree = "<group>";
		};
		89860FE72C84A3A70092D8BF /* RssPreviewerTests */ = {
			isa = PBXGroup;
			children = (
				89860FE82C84A3A70092D8BF /* RssPreviewerTests.swift */,
			);
			path = RssPreviewerTests;
			sourceTree = "<group>";
		};
		89860FF12C84A3A70092D8BF /* RssPreviewerUITests */ = {
			isa = PBXGroup;
			children = (
				89860FF22C84A3A70092D8BF /* RssPreviewerUITests.swift */,
				89860FF42C84A3A70092D8BF /* RssPreviewerUITestsLaunchTests.swift */,
			);
			path = RssPreviewerUITests;
			sourceTree = "<group>";
		};
/* End PBXGroup section */

/* Begin PBXNativeTarget section */
		89860FD22C84A3A60092D8BF /* RssPreviewer */ = {
			isa = PBXNativeTarget;
			buildConfigurationList = 89860FF82C84A3A70092D8BF /* Build configuration list for PBXNativeTarget "RssPreviewer" */;
			buildPhases = (
				89860FCF2C84A3A60092D8BF /* Sources */,
				89860FD02C84A3A60092D8BF /* Frameworks */,
				89860FD12C84A3A60092D8BF /* Resources */,
			);
			buildRules = (
			);
			dependencies = (
			);
			name = RssPreviewer;
			productName = RssPreviewer;
			productReference = 89860FD32C84A3A60092D8BF /* RssPreviewer.app */;
			productType = "com.apple.product-type.application";
		};
		89860FE32C84A3A70092D8BF /* RssPreviewerTests */ = {
			isa = PBXNativeTarget;
			buildConfigurationList = 89860FFB2C84A3A70092D8BF /* Build configuration list for PBXNativeTarget "RssPreviewerTests" */;
			buildPhases = (
				89860FE02C84A3A70092D8BF /* Sources */,
				89860FE12C84A3A70092D8BF /* Frameworks */,
				89860FE22C84A3A70092D8BF /* Resources */,
			);
			buildRules = (
			);
			dependencies = (
				89860FE62C84A3A70092D8BF /* PBXTargetDependency */,
			);
			name = RssPreviewerTests;
			productName = RssPreviewerTests;
			productReference = 89860FE42C84A3A70092D8BF /* RssPreviewerTests.xctest */;
			productType = "com.apple.product-type.bundle.unit-test";
		};
		89860FED2C84A3A70092D8BF /* RssPreviewerUITests */ = {
			isa = PBXNativeTarget;
			buildConfigurationList = 89860FFE2C84A3A70092D8BF /* Build configuration list for PBXNativeTarget "RssPreviewerUITests" */;
			buildPhases = (
				89860FEA2C84A3A70092D8BF /* Sources */,
				89860FEB2C84A3A70092D8BF /* Frameworks */,
				89860FEC2C84A3A70092D8BF /* Resources */,
			);
			buildRules = (
			);
			dependencies = (
				89860FF02C84A3A70092D8BF /* PBXTargetDependency */,
			);
			name = RssPreviewerUITests;
			productName = RssPreviewerUITests;
			productReference = 89860FEE2C84A3A70092D8BF /* RssPreviewerUITests.xctest */;
			productType = "com.apple.product-type.bundle.ui-testing";
		};
/* End PBXNativeTarget section */

/* Begin PBXProject section */
		89860FCB2C84A3A60092D8BF /* Project object */ = {
			isa = PBXProject;
			attributes = {
				BuildIndependentTargetsInParallel = 1;
				LastSwiftUpdateCheck = 1540;
				LastUpgradeCheck = 1540;
				TargetAttributes = {
					89860FD22C84A3A60092D8BF = {
						CreatedOnToolsVersion = 15.4;
					};
					89860FE32C84A3A70092D8BF = {
						CreatedOnToolsVersion = 15.4;
						TestTargetID = 89860FD22C84A3A60092D8BF;
					};
					89860FED2C84A3A70092D8BF = {
						CreatedOnToolsVersion = 15.4;
						TestTargetID = 89860FD22C84A3A60092D8BF;
					};
				};
			};
			buildConfigurationList = 89860FCE2C84A3A60092D8BF /* Build configuration list for PBXProject "RssPreviewer" */;
			compatibilityVersion = "Xcode 14.0";
			developmentRegion = en;
			hasScannedForEncodings = 0;
			knownRegions = (
				en,
				Base,
			);
			mainGroup = 89860FCA2C84A3A60092D8BF;
			productRefGroup = 89860FD42C84A3A60092D8BF /* Products */;
			projectDirPath = "";
			projectRoot = "";
			targets = (
				89860FD22C84A3A60092D8BF /* RssPreviewer */,
				89860FE32C84A3A70092D8BF /* RssPreviewerTests */,
				89860FED2C84A3A70092D8BF /* RssPreviewerUITests */,
			);
		};
/* End PBXProject section */

/* Begin PBXResourcesBuildPhase section */
		89860FD12C84A3A60092D8BF /* Resources */ = {
			isa = PBXResourcesBuildPhase;
			buildActionMask = 2147483647;
			files = (
				89860FDE2C84A3A70092D8BF /* Preview Assets.xcassets in Resources */,
				89860FDB2C84A3A70092D8BF /* Assets.xcassets in Resources */,
			);
			runOnlyForDeploymentPostprocessing = 0;
		};
		89860FE22C84A3A70092D8BF /* Resources */ = {
			isa = PBXResourcesBuildPhase;
			buildActionMask = 2147483647;
			files = (
			);
			runOnlyForDeploymentPostprocessing = 0;
		};
		89860FEC2C84A3A70092D8BF /* Resources */ = {
			isa = PBXResourcesBuildPhase;
			buildActionMask = 2147483647;
			files = (
			);
			runOnlyForDeploymentPostprocessing = 0;
		};
/* End PBXResourcesBuildPhase section */

/* Begin PBXSourcesBuildPhase section */
		89860FCF2C84A3A60092D8BF /* Sources */ = {
			isa = PBXSourcesBuildPhase;
			buildActionMask = 2147483647;
			files = (
				898610062C84A4010092D8BF /* RssParseDelegate.swift in Sources */,
				898610082C84A4110092D8BF /* RssViewModel.swift in Sources */,
				89860FD92C84A3A60092D8BF /* ContentView.swift in Sources */,
				89860FD72C84A3A60092D8BF /* RssPreviewerApp.swift in Sources */,
				898610022C84A3ED0092D8BF /* RssItem.swift in Sources */,
				898610042C84A3F70092D8BF /* RssListView.swift in Sources */,
			);
			runOnlyForDeploymentPostprocessing = 0;
		};
		89860FE02C84A3A70092D8BF /* Sources */ = {
			isa = PBXSourcesBuildPhase;
			buildActionMask = 2147483647;
			files = (
				89860FE92C84A3A70092D8BF /* RssPreviewerTests.swift in Sources */,
			);
			runOnlyForDeploymentPostprocessing = 0;
		};
		89860FEA2C84A3A70092D8BF /* Sources */ = {
			isa = PBXSourcesBuildPhase;
			buildActionMask = 2147483647;
			files = (
				89860FF32C84A3A70092D8BF /* RssPreviewerUITests.swift in Sources */,
				89860FF52C84A3A70092D8BF /* RssPreviewerUITestsLaunchTests.swift in Sources */,
			);
			runOnlyForDeploymentPostprocessing = 0;
		};
/* End PBXSourcesBuildPhase section */

/* Begin PBXTargetDependency section */
		89860FE62C84A3A70092D8BF /* PBXTargetDependency */ = {
			isa = PBXTargetDependency;
			target = 89860FD22C84A3A60092D8BF /* RssPreviewer */;
			targetProxy = 89860FE52C84A3A70092D8BF /* PBXContainerItemProxy */;
		};
		89860FF02C84A3A70092D8BF /* PBXTargetDependency */ = {
			isa = PBXTargetDependency;
			target = 89860FD22C84A3A60092D8BF /* RssPreviewer */;
			targetProxy = 89860FEF2C84A3A70092D8BF /* PBXContainerItemProxy */;
		};
/* End PBXTargetDependency section */

/* Begin XCBuildConfiguration section */
		89860FF62C84A3A70092D8BF /* Debug */ = {
			isa = XCBuildConfiguration;
			buildSettings = {
				ALWAYS_SEARCH_USER_PATHS = NO;
				ASSETCATALOG_COMPILER_GENERATE_SWIFT_ASSET_SYMBOL_EXTENSIONS = YES;
				CLANG_ANALYZER_NONNULL = YES;
				CLANG_ANALYZER_NUMBER_OBJECT_CONVERSION = YES_AGGRESSIVE;
				CLANG_CXX_LANGUAGE_STANDARD = "gnu++20";
				CLANG_ENABLE_MODULES = YES;
				CLANG_ENABLE_OBJC_ARC = YES;
				CLANG_ENABLE_OBJC_WEAK = YES;
				CLANG_WARN_BLOCK_CAPTURE_AUTORELEASING = YES;
				CLANG_WARN_BOOL_CONVERSION = YES;
				CLANG_WARN_COMMA = YES;
				CLANG_WARN_CONSTANT_CONVERSION = YES;
				CLANG_WARN_DEPRECATED_OBJC_IMPLEMENTATIONS = YES;
				CLANG_WARN_DIRECT_OBJC_ISA_USAGE = YES_ERROR;
				CLANG_WARN_DOCUMENTATION_COMMENTS = YES;
				CLANG_WARN_EMPTY_BODY = YES;
				CLANG_WARN_ENUM_CONVERSION = YES;
				CLANG_WARN_INFINITE_RECURSION = YES;
				CLANG_WARN_INT_CONVERSION = YES;
				CLANG_WARN_NON_LITERAL_NULL_CONVERSION = YES;
				CLANG_WARN_OBJC_IMPLICIT_RETAIN_SELF = YES;
				CLANG_WARN_OBJC_LITERAL_CONVERSION = YES;
				CLANG_WARN_OBJC_ROOT_CLASS = YES_ERROR;
				CLANG_WARN_QUOTED_INCLUDE_IN_FRAMEWORK_HEADER = YES;
				CLANG_WARN_RANGE_LOOP_ANALYSIS = YES;
				CLANG_WARN_STRICT_PROTOTYPES = YES;
				CLANG_WARN_SUSPICIOUS_MOVE = YES;
				CLANG_WARN_UNGUARDED_AVAILABILITY = YES_AGGRESSIVE;
				CLANG_WARN_UNREACHABLE_CODE = YES;
				CLANG_WARN__DUPLICATE_METHOD_MATCH = YES;
				COPY_PHASE_STRIP = NO;
				DEBUG_INFORMATION_FORMAT = dwarf;
				ENABLE_STRICT_OBJC_MSGSEND = YES;
				ENABLE_TESTABILITY = YES;
				ENABLE_USER_SCRIPT_SANDBOXING = YES;
				GCC_C_LANGUAGE_STANDARD = gnu17;
				GCC_DYNAMIC_NO_PIC = NO;
				GCC_NO_COMMON_BLOCKS = YES;
				GCC_OPTIMIZATION_LEVEL = 0;
				GCC_PREPROCESSOR_DEFINITIONS = (
					"DEBUG=1",
					"$(inherited)",
				);
				GCC_WARN_64_TO_32_BIT_CONVERSION = YES;
				GCC_WARN_ABOUT_RETURN_TYPE = YES_ERROR;
				GCC_WARN_UNDECLARED_SELECTOR = YES;
				GCC_WARN_UNINITIALIZED_AUTOS = YES_AGGRESSIVE;
				GCC_WARN_UNUSED_FUNCTION = YES;
				GCC_WARN_UNUSED_VARIABLE = YES;
				LOCALIZATION_PREFERS_STRING_CATALOGS = YES;
				MACOSX_DEPLOYMENT_TARGET = 14.5;
				MTL_ENABLE_DEBUG_INFO = INCLUDE_SOURCE;
				MTL_FAST_MATH = YES;
				ONLY_ACTIVE_ARCH = YES;
				SDKROOT = macosx;
				SWIFT_ACTIVE_COMPILATION_CONDITIONS = "DEBUG $(inherited)";
				SWIFT_OPTIMIZATION_LEVEL = "-Onone";
			};
			name = Debug;
		};
		89860FF72C84A3A70092D8BF /* Release */ = {
			isa = XCBuildConfiguration;
			buildSettings = {
				ALWAYS_SEARCH_USER_PATHS = NO;
				ASSETCATALOG_COMPILER_GENERATE_SWIFT_ASSET_SYMBOL_EXTENSIONS = YES;
				CLANG_ANALYZER_NONNULL = YES;
				CLANG_ANALYZER_NUMBER_OBJECT_CONVERSION = YES_AGGRESSIVE;
				CLANG_CXX_LANGUAGE_STANDARD = "gnu++20";
				CLANG_ENABLE_MODULES = YES;
				CLANG_ENABLE_OBJC_ARC = YES;
				CLANG_ENABLE_OBJC_WEAK = YES;
				CLANG_WARN_BLOCK_CAPTURE_AUTORELEASING = YES;
				CLANG_WARN_BOOL_CONVERSION = YES;
				CLANG_WARN_COMMA = YES;
				CLANG_WARN_CONSTANT_CONVERSION = YES;
				CLANG_WARN_DEPRECATED_OBJC_IMPLEMENTATIONS = YES;
				CLANG_WARN_DIRECT_OBJC_ISA_USAGE = YES_ERROR;
				CLANG_WARN_DOCUMENTATION_COMMENTS = YES;
				CLANG_WARN_EMPTY_BODY = YES;
				CLANG_WARN_ENUM_CONVERSION = YES;
				CLANG_WARN_INFINITE_RECURSION = YES;
				CLANG_WARN_INT_CONVERSION = YES;
				CLANG_WARN_NON_LITERAL_NULL_CONVERSION = YES;
				CLANG_WARN_OBJC_IMPLICIT_RETAIN_SELF = YES;
				CLANG_WARN_OBJC_LITERAL_CONVERSION = YES;
				CLANG_WARN_OBJC_ROOT_CLASS = YES_ERROR;
				CLANG_WARN_QUOTED_INCLUDE_IN_FRAMEWORK_HEADER = YES;
				CLANG_WARN_RANGE_LOOP_ANALYSIS = YES;
				CLANG_WARN_STRICT_PROTOTYPES = YES;
				CLANG_WARN_SUSPICIOUS_MOVE = YES;
				CLANG_WARN_UNGUARDED_AVAILABILITY = YES_AGGRESSIVE;
				CLANG_WARN_UNREACHABLE_CODE = YES;
				CLANG_WARN__DUPLICATE_METHOD_MATCH = YES;
				COPY_PHASE_STRIP = NO;
				DEBUG_INFORMATION_FORMAT = "dwarf-with-dsym";
				ENABLE_NS_ASSERTIONS = NO;
				ENABLE_STRICT_OBJC_MSGSEND = YES;
				ENABLE_USER_SCRIPT_SANDBOXING = YES;
				GCC_C_LANGUAGE_STANDARD = gnu17;
				GCC_NO_COMMON_BLOCKS = YES;
				GCC_WARN_64_TO_32_BIT_CONVERSION = YES;
				GCC_WARN_ABOUT_RETURN_TYPE = YES_ERROR;
				GCC_WARN_UNDECLARED_SELECTOR = YES;
				GCC_WARN_UNINITIALIZED_AUTOS = YES_AGGRESSIVE;
				GCC_WARN_UNUSED_FUNCTION = YES;
				GCC_WARN_UNUSED_VARIABLE = YES;
				LOCALIZATION_PREFERS_STRING_CATALOGS = YES;
				MACOSX_DEPLOYMENT_TARGET = 14.5;
				MTL_ENABLE_DEBUG_INFO = NO;
				MTL_FAST_MATH = YES;
				SDKROOT = macosx;
				SWIFT_COMPILATION_MODE = wholemodule;
			};
			name = Release;
		};
		89860FF92C84A3A70092D8BF /* Debug */ = {
			isa = XCBuildConfiguration;
			buildSettings = {
				ASSETCATALOG_COMPILER_APPICON_NAME = AppIcon;
				ASSETCATALOG_COMPILER_GLOBAL_ACCENT_COLOR_NAME = AccentColor;
				CODE_SIGN_ENTITLEMENTS = RssPreviewer/RssPreviewer.entitlements;
				CODE_SIGN_STYLE = Automatic;
				COMBINE_HIDPI_IMAGES = YES;
				CURRENT_PROJECT_VERSION = 1;
				DEVELOPMENT_ASSET_PATHS = "\"RssPreviewer/Preview Content\"";
				DEVELOPMENT_TEAM = 6M8CRB27M2;
				ENABLE_HARDENED_RUNTIME = YES;
				ENABLE_PREVIEWS = YES;
				GENERATE_INFOPLIST_FILE = YES;
				INFOPLIST_KEY_NSHumanReadableCopyright = "";
				LD_RUNPATH_SEARCH_PATHS = (
					"$(inherited)",
					"@executable_path/../Frameworks",
				);
				MARKETING_VERSION = 1.0;
				PRODUCT_BUNDLE_IDENTIFIER = com.krabs.rsssummary.RssPreviewer;
				PRODUCT_NAME = "$(TARGET_NAME)";
				SWIFT_EMIT_LOC_STRINGS = YES;
				SWIFT_VERSION = 5.0;
			};
			name = Debug;
		};
		89860FFA2C84A3A70092D8BF /* Release */ = {
			isa = XCBuildConfiguration;
			buildSettings = {
				ASSETCATALOG_COMPILER_APPICON_NAME = AppIcon;
				ASSETCATALOG_COMPILER_GLOBAL_ACCENT_COLOR_NAME = AccentColor;
				CODE_SIGN_ENTITLEMENTS = RssPreviewer/RssPreviewer.entitlements;
				CODE_SIGN_STYLE = Automatic;
				COMBINE_HIDPI_IMAGES = YES;
				CURRENT_PROJECT_VERSION = 1;
				DEVELOPMENT_ASSET_PATHS = "\"RssPreviewer/Preview Content\"";
				DEVELOPMENT_TEAM = 6M8CRB27M2;
				ENABLE_HARDENED_RUNTIME = YES;
				ENABLE_PREVIEWS = YES;
				GENERATE_INFOPLIST_FILE = YES;
				INFOPLIST_KEY_NSHumanReadableCopyright = "";
				LD_RUNPATH_SEARCH_PATHS = (
					"$(inherited)",
					"@executable_path/../Frameworks",
				);
				MARKETING_VERSION = 1.0;
				PRODUCT_BUNDLE_IDENTIFIER = com.krabs.rsssummary.RssPreviewer;
				PRODUCT_NAME = "$(TARGET_NAME)";
				SWIFT_EMIT_LOC_STRINGS = YES;
				SWIFT_VERSION = 5.0;
			};
			name = Release;
		};
		89860FFC2C84A3A70092D8BF /* Debug */ = {
			isa = XCBuildConfiguration;
			buildSettings = {
				ALWAYS_EMBED_SWIFT_STANDARD_LIBRARIES = YES;
				BUNDLE_LOADER = "$(TEST_HOST)";
				CODE_SIGN_STYLE = Automatic;
				CURRENT_PROJECT_VERSION = 1;
				DEVELOPMENT_TEAM = 6M8CRB27M2;
				GENERATE_INFOPLIST_FILE = YES;
				MACOSX_DEPLOYMENT_TARGET = 14.5;
				MARKETING_VERSION = 1.0;
				PRODUCT_BUNDLE_IDENTIFIER = com.krabs.rsssummary.RssPreviewerTests;
				PRODUCT_NAME = "$(TARGET_NAME)";
				SWIFT_EMIT_LOC_STRINGS = NO;
				SWIFT_VERSION = 5.0;
				TEST_HOST = "$(BUILT_PRODUCTS_DIR)/RssPreviewer.app/$(BUNDLE_EXECUTABLE_FOLDER_PATH)/RssPreviewer";
			};
			name = Debug;
		};
		89860FFD2C84A3A70092D8BF /* Release */ = {
			isa = XCBuildConfiguration;
			buildSettings = {
				ALWAYS_EMBED_SWIFT_STANDARD_LIBRARIES = YES;
				BUNDLE_LOADER = "$(TEST_HOST)";
				CODE_SIGN_STYLE = Automatic;
				CURRENT_PROJECT_VERSION = 1;
				DEVELOPMENT_TEAM = 6M8CRB27M2;
				GENERATE_INFOPLIST_FILE = YES;
				MACOSX_DEPLOYMENT_TARGET = 14.5;
				MARKETING_VERSION = 1.0;
				PRODUCT_BUNDLE_IDENTIFIER = com.krabs.rsssummary.RssPreviewerTests;
				PRODUCT_NAME = "$(TARGET_NAME)";
				SWIFT_EMIT_LOC_STRINGS = NO;
				SWIFT_VERSION = 5.0;
				TEST_HOST = "$(BUILT_PRODUCTS_DIR)/RssPreviewer.app/$(BUNDLE_EXECUTABLE_FOLDER_PATH)/RssPreviewer";
			};
			name = Release;
		};
		89860FFF2C84A3A70092D8BF /* Debug */ = {
			isa = XCBuildConfiguration;
			buildSettings = {
				ALWAYS_EMBED_SWIFT_STANDARD_LIBRARIES = YES;
				CODE_SIGN_STYLE = Automatic;
				CURRENT_PROJECT_VERSION = 1;
				DEVELOPMENT_TEAM = 6M8CRB27M2;
				GENERATE_INFOPLIST_FILE = YES;
				MARKETING_VERSION = 1.0;
				PRODUCT_BUNDLE_IDENTIFIER = com.krabs.rsssummary.RssPreviewerUITests;
				PRODUCT_NAME = "$(TARGET_NAME)";
				SWIFT_EMIT_LOC_STRINGS = NO;
				SWIFT_VERSION = 5.0;
				TEST_TARGET_NAME = RssPreviewer;
			};
			name = Debug;
		};
		898610002C84A3A70092D8BF /* Release */ = {
			isa = XCBuildConfiguration;
			buildSettings = {
				ALWAYS_EMBED_SWIFT_STANDARD_LIBRARIES = YES;
				CODE_SIGN_STYLE = Automatic;
				CURRENT_PROJECT_VERSION = 1;
				DEVELOPMENT_TEAM = 6M8CRB27M2;
				GENERATE_INFOPLIST_FILE = YES;
				MARKETING_VERSION = 1.0;
				PRODUCT_BUNDLE_IDENTIFIER = com.krabs.rsssummary.RssPreviewerUITests;
				PRODUCT_NAME = "$(TARGET_NAME)";
				SWIFT_EMIT_LOC_STRINGS = NO;
				SWIFT_VERSION = 5.0;
				TEST_TARGET_NAME = RssPreviewer;
			};
			name = Release;
		};
/* End XCBuildConfiguration section */

/* Begin XCConfigurationList section */
		89860FCE2C84A3A60092D8BF /* Build configuration list for PBXProject "RssPreviewer" */ = {
			isa = XCConfigurationList;
			buildConfigurations = (
				89860FF62C84A3A70092D8BF /* Debug */,
				89860FF72C84A3A70092D8BF /* Release */,
			);
			defaultConfigurationIsVisible = 0;
			defaultConfigurationName = Release;
		};
		89860FF82C84A3A70092D8BF /* Build configuration list for PBXNativeTarget "RssPreviewer" */ = {
			isa = XCConfigurationList;
			buildConfigurations = (
				89860FF92C84A3A70092D8BF /* Debug */,
				89860FFA2C84A3A70092D8BF /* Release */,
			);
			defaultConfigurationIsVisible = 0;
			defaultConfigurationName = Release;
		};
		89860FFB2C84A3A70092D8BF /* Build configuration list for PBXNativeTarget "RssPreviewerTests" */ = {
			isa = XCConfigurationList;
			buildConfigurations = (
				89860FFC2C84A3A70092D8BF /* Debug */,
				89860FFD2C84A3A70092D8BF /* Release */,
			);
			defaultConfigurationIsVisible = 0;
			defaultConfigurationName = Release;
		};
		89860FFE2C84A3A70092D8BF /* Build configuration list for PBXNativeTarget "RssPreviewerUITests" */ = {
			isa = XCConfigurationList;
			buildConfigurations = (
				89860FFF2C84A3A70092D8BF /* Debug */,
				898610002C84A3A70092D8BF /* Release */,
			);
			defaultConfigurationIsVisible = 0;
			defaultConfigurationName = Release;
		};
/* End XCConfigurationList section */
	};
	rootObject = 89860FCB2C84A3A60092D8BF /* Project object */;
}
